
Microsoft Visual Studio Solution File, Format Version 12.00
# Visual Studio Version 16
VisualStudioVersion = 16.0.30611.23
MinimumVisualStudioVersion = 10.0.40219.1
Project("{FAE04EC0-301F-11D3-BF4B-00C04F79EFBC}") = "eShopSolution.WebApp", "eShopSolution.WebApp\eShopSolution.WebApp.csproj", "{13489DDF-030A-40B8-AFB1-28C0DCE84900}"
EndProject
Global
	GlobalSection(SolutionConfigurationPlatforms) = preSolution
		Debug|Any CPU = Debug|Any CPU
		Release|Any CPU = Release|Any CPU
	EndGlobalSection
	GlobalSection(ProjectConfigurationPlatforms) = postSolution
		{13489DDF-030A-40B8-AFB1-28C0DCE84900}.Debug|Any CPU.ActiveCfg = Debug|Any CPU
		{13489DDF-030A-40B8-AFB1-28C0DCE84900}.Debug|Any CPU.Build.0 = Debug|Any CPU
		{13489DDF-030A-40B8-AFB1-28C0DCE84900}.Release|Any CPU.ActiveCfg = Release|Any CPU
		{13489DDF-030A-40B8-AFB1-28C0DCE84900}.Release|Any CPU.Build.0 = Release|Any CPU
	EndGlobalSection
	GlobalSection(SolutionProperties) = preSolution
		HideSolutionNode = FALSE
	EndGlobalSection
	GlobalSection(ExtensibilityGlobals) = postSolution
		SolutionGuid = {9500AAC5-E0D7-4EE8-8E04-2F67BCD99E6F}
	EndGlobalSection
EndGlobal
